
Microsoft Visual Studio Solution File, Format Version 12.00
# Visual Studio Version 16
VisualStudioVersion = 16.0.30413.136
MinimumVisualStudioVersion = 10.0.40219.1
Project("{FAE04EC0-301F-11D3-BF4B-00C04F79EFBC}") = "Simple Facial Recognition App", "Simple Facial Recognition App\Simple Facial Recognition App.csproj", "{3544806D-E158-49BE-9A52-ED326A2A8329}"
EndProject
Global
	GlobalSection(SolutionConfigurationPlatforms) = preSolution
		Debug|Any CPU = Debug|Any CPU
		Release|Any CPU = Release|Any CPU
	EndGlobalSection
	GlobalSection(ProjectConfigurationPlatforms) = postSolution
		{3544806D-E158-49BE-9A52-ED326A2A8329}.Debug|Any CPU.ActiveCfg = Debug|Any CPU
		{3544806D-E158-49BE-9A52-ED326A2A8329}.Debug|Any CPU.Build.0 = Debug|Any CPU
		{3544806D-E158-49BE-9A52-ED326A2A8329}.Release|Any CPU.ActiveCfg = Release|Any CPU
		{3544806D-E158-49BE-9A52-ED326A2A8329}.Release|Any CPU.Build.0 = Release|Any CPU
	EndGlobalSection
	GlobalSection(SolutionProperties) = preSolution
		HideSolutionNode = FALSE
	EndGlobalSection
	GlobalSection(ExtensibilityGlobals) = postSolution
		SolutionGuid = {EFA9648B-E600-4010-B062-5FCA3E5DD841}
	EndGlobalSection
EndGlobal
